// !$*UTF8*$!
{
	archiveVersion = 1;
	classes = {
	};
	objectVersion = 51;
	objects = {

/* Begin PBXBuildFile section */
		E139DA3E9B07C758629FBE39 /* Pods_BookSeeker.framework in Frameworks */ = {isa = PBXBuildFile; fileRef = 468732FD1A680DA9F67B9068 /* Pods_BookSeeker.framework */; };
		F70E3F6723A877C7008982FD /* SearchWorkerProtocolStub.swift in Sources */ = {isa = PBXBuildFile; fileRef = F70E3F6623A877C7008982FD /* SearchWorkerProtocolStub.swift */; };
		F70E3F6923A87BB5008982FD /* PresentableError.swift in Sources */ = {isa = PBXBuildFile; fileRef = F70E3F6823A87BB5008982FD /* PresentableError.swift */; };
		F73EA24723A1D7300094FE42 /* AppDelegate.swift in Sources */ = {isa = PBXBuildFile; fileRef = F73EA24623A1D7300094FE42 /* AppDelegate.swift */; };
		F73EA25023A1D7310094FE42 /* Assets.xcassets in Resources */ = {isa = PBXBuildFile; fileRef = F73EA24F23A1D7310094FE42 /* Assets.xcassets */; };
		F73EA25323A1D7310094FE42 /* LaunchScreen.storyboard in Resources */ = {isa = PBXBuildFile; fileRef = F73EA25123A1D7310094FE42 /* LaunchScreen.storyboard */; };
		F74B9DD023A312B400023FB9 /* SearchView.swift in Sources */ = {isa = PBXBuildFile; fileRef = F74B9DCC23A312B400023FB9 /* SearchView.swift */; };
		F74B9DD123A312B400023FB9 /* SearchViewController.swift in Sources */ = {isa = PBXBuildFile; fileRef = F74B9DCD23A312B400023FB9 /* SearchViewController.swift */; };
		F74B9DD223A312B400023FB9 /* SearchPresenter.swift in Sources */ = {isa = PBXBuildFile; fileRef = F74B9DCE23A312B400023FB9 /* SearchPresenter.swift */; };
		F74B9DD323A312B400023FB9 /* SearchModels.swift in Sources */ = {isa = PBXBuildFile; fileRef = F74B9DCF23A312B400023FB9 /* SearchModels.swift */; };
		F74B9DD723A315D100023FB9 /* CodeView.swift in Sources */ = {isa = PBXBuildFile; fileRef = F74B9DD623A315D100023FB9 /* CodeView.swift */; };
		F74B9DD923A317C000023FB9 /* SearchInteractor.swift in Sources */ = {isa = PBXBuildFile; fileRef = F74B9DD823A317C000023FB9 /* SearchInteractor.swift */; };
		F74B9DDB23A3180E00023FB9 /* SearchConfigurator.swift in Sources */ = {isa = PBXBuildFile; fileRef = F74B9DDA23A3180E00023FB9 /* SearchConfigurator.swift */; };
		F758161523A99BC3006D1ECA /* BookDetailsView.swift in Sources */ = {isa = PBXBuildFile; fileRef = F758161423A99BC3006D1ECA /* BookDetailsView.swift */; };
		F758161823A99C19006D1ECA /* BookDetailsViewController.swift in Sources */ = {isa = PBXBuildFile; fileRef = F758161723A99C19006D1ECA /* BookDetailsViewController.swift */; };
		F758161A23A99C36006D1ECA /* BookDetailsModels.swift in Sources */ = {isa = PBXBuildFile; fileRef = F758161923A99C36006D1ECA /* BookDetailsModels.swift */; };
		F758161C23A9A0E1006D1ECA /* BookDetailsConfigurator.swift in Sources */ = {isa = PBXBuildFile; fileRef = F758161B23A9A0E1006D1ECA /* BookDetailsConfigurator.swift */; };
		F758161E23A9A17D006D1ECA /* SearchRouter.swift in Sources */ = {isa = PBXBuildFile; fileRef = F758161D23A9A17D006D1ECA /* SearchRouter.swift */; };
		F758162123A9A98C006D1ECA /* SearchPresenterTests.swift in Sources */ = {isa = PBXBuildFile; fileRef = F758162023A9A98C006D1ECA /* SearchPresenterTests.swift */; };
		F758162323A9A99F006D1ECA /* SearchDisplayLogicSpy.swift in Sources */ = {isa = PBXBuildFile; fileRef = F758162223A9A99F006D1ECA /* SearchDisplayLogicSpy.swift */; };
		F758162523A9ACCA006D1ECA /* SearchViewControllerTests.swift in Sources */ = {isa = PBXBuildFile; fileRef = F758162423A9ACCA006D1ECA /* SearchViewControllerTests.swift */; };
		F758162723A9AD07006D1ECA /* SearchRoutingLogicDummy.swift in Sources */ = {isa = PBXBuildFile; fileRef = F758162623A9AD07006D1ECA /* SearchRoutingLogicDummy.swift */; };
		F758162923A9AD36006D1ECA /* SearchRoutingLogicSpy.swift in Sources */ = {isa = PBXBuildFile; fileRef = F758162823A9AD36006D1ECA /* SearchRoutingLogicSpy.swift */; };
		F758162B23A9ADA6006D1ECA /* SearchInputLogicDummy.swift in Sources */ = {isa = PBXBuildFile; fileRef = F758162A23A9ADA6006D1ECA /* SearchInputLogicDummy.swift */; };
		F758162D23A9ADDD006D1ECA /* SearchInputLogicSpy.swift in Sources */ = {isa = PBXBuildFile; fileRef = F758162C23A9ADDD006D1ECA /* SearchInputLogicSpy.swift */; };
		F758162F23A9AE49006D1ECA /* SearchBusinessLogicDummy.swift in Sources */ = {isa = PBXBuildFile; fileRef = F758162E23A9AE49006D1ECA /* SearchBusinessLogicDummy.swift */; };
		F758163123A9AE6D006D1ECA /* SearchBusinessLogicSpy.swift in Sources */ = {isa = PBXBuildFile; fileRef = F758163023A9AE6D006D1ECA /* SearchBusinessLogicSpy.swift */; };
		F758163323A9B338006D1ECA /* UserDefaultsDataStoreProtocolSpy.swift in Sources */ = {isa = PBXBuildFile; fileRef = F758163223A9B338006D1ECA /* UserDefaultsDataStoreProtocolSpy.swift */; };
		F758163523A9B40F006D1ECA /* SearchHistoryWorkerTests.swift in Sources */ = {isa = PBXBuildFile; fileRef = F758163423A9B40F006D1ECA /* SearchHistoryWorkerTests.swift */; };
		F783F5E023A596C5009E3D1E /* NetworkRequest.swift in Sources */ = {isa = PBXBuildFile; fileRef = F783F5DF23A596C5009E3D1E /* NetworkRequest.swift */; };
		F79273F323A5988F003CF2AE /* Network.swift in Sources */ = {isa = PBXBuildFile; fileRef = F79273F223A5988F003CF2AE /* Network.swift */; };
		F79273F523A5A20E003CF2AE /* NetworkError.swift in Sources */ = {isa = PBXBuildFile; fileRef = F79273F423A5A20E003CF2AE /* NetworkError.swift */; };
		F79273F823A5A260003CF2AE /* BookSearchRequest.swift in Sources */ = {isa = PBXBuildFile; fileRef = F79273F723A5A260003CF2AE /* BookSearchRequest.swift */; };
		F79273FB23A5A504003CF2AE /* SearchBookResponse.swift in Sources */ = {isa = PBXBuildFile; fileRef = F79273FA23A5A504003CF2AE /* SearchBookResponse.swift */; };
		F79273FD23A5A543003CF2AE /* Book.swift in Sources */ = {isa = PBXBuildFile; fileRef = F79273FC23A5A543003CF2AE /* Book.swift */; };
		F792740023A6B8FF003CF2AE /* BookTableViewCell.swift in Sources */ = {isa = PBXBuildFile; fileRef = F79273FF23A6B8FF003CF2AE /* BookTableViewCell.swift */; };
		F792740223A6BAEA003CF2AE /* Displayable.swift in Sources */ = {isa = PBXBuildFile; fileRef = F792740123A6BAEA003CF2AE /* Displayable.swift */; };
		F797A1A323A31F50005CF1B6 /* Margin.swift in Sources */ = {isa = PBXBuildFile; fileRef = F797A1A223A31F50005CF1B6 /* Margin.swift */; };
		F797A1A523A3216F005CF1B6 /* CustomNavigationController.swift in Sources */ = {isa = PBXBuildFile; fileRef = F797A1A423A3216F005CF1B6 /* CustomNavigationController.swift */; };
		F7F8097523A8566A00E174A8 /* SearchHistoryWorker.swift in Sources */ = {isa = PBXBuildFile; fileRef = F7F8097423A8566A00E174A8 /* SearchHistoryWorker.swift */; };
		F7F8097B23A8592400E174A8 /* UserDefaultsDataStore.swift in Sources */ = {isa = PBXBuildFile; fileRef = F7F8097A23A8592400E174A8 /* UserDefaultsDataStore.swift */; };
		F7F8097D23A85A8B00E174A8 /* UserDefaultsProvider.swift in Sources */ = {isa = PBXBuildFile; fileRef = F7F8097C23A85A8B00E174A8 /* UserDefaultsProvider.swift */; };
		F7F8098023A85EB600E174A8 /* Localizable.strings in Resources */ = {isa = PBXBuildFile; fileRef = F7F8097F23A85EB600E174A8 /* Localizable.strings */; };
		F7F8098523A860A400E174A8 /* assets-images.swift in Sources */ = {isa = PBXBuildFile; fileRef = F7F8098323A860A400E174A8 /* assets-images.swift */; };
		F7F8098623A860A400E174A8 /* strings.swift in Sources */ = {isa = PBXBuildFile; fileRef = F7F8098423A860A400E174A8 /* strings.swift */; };
		F7F8098A23A864AF00E174A8 /* HistoryTermTableViewCell.swift in Sources */ = {isa = PBXBuildFile; fileRef = F7F8098923A864AF00E174A8 /* HistoryTermTableViewCell.swift */; };
		F7F8099423A8714A00E174A8 /* SearchInteractorTests.swift in Sources */ = {isa = PBXBuildFile; fileRef = F7F8099323A8714A00E174A8 /* SearchInteractorTests.swift */; };
		F7F8099E23A8718E00E174A8 /* SearchWorker.swift in Sources */ = {isa = PBXBuildFile; fileRef = F7F8099D23A8718E00E174A8 /* SearchWorker.swift */; };
		F7F809A223A873A700E174A8 /* SearchPresentationLogicSpy.swift in Sources */ = {isa = PBXBuildFile; fileRef = F7F809A123A873A700E174A8 /* SearchPresentationLogicSpy.swift */; };
		F7F809A423A8743C00E174A8 /* SearchPresentationLogicDummy.swift in Sources */ = {isa = PBXBuildFile; fileRef = F7F809A323A8743C00E174A8 /* SearchPresentationLogicDummy.swift */; };
		F7F809A623A8746300E174A8 /* NetworkProtocolDummy.swift in Sources */ = {isa = PBXBuildFile; fileRef = F7F809A523A8746300E174A8 /* NetworkProtocolDummy.swift */; };
		F7F809A823A874AF00E174A8 /* SearchWorkerProtocolDummy.swift in Sources */ = {isa = PBXBuildFile; fileRef = F7F809A723A874AF00E174A8 /* SearchWorkerProtocolDummy.swift */; };
		F7F809AA23A874DC00E174A8 /* SearchWorkerProtocolSpy.swift in Sources */ = {isa = PBXBuildFile; fileRef = F7F809A923A874DC00E174A8 /* SearchWorkerProtocolSpy.swift */; };
		F7F809AC23A8751D00E174A8 /* SearchHistoryWorkerProtocolDummy.swift in Sources */ = {isa = PBXBuildFile; fileRef = F7F809AB23A8751D00E174A8 /* SearchHistoryWorkerProtocolDummy.swift */; };
		F7F809AE23A8754000E174A8 /* SearchHistoryWorkerProtocolSpy.swift in Sources */ = {isa = PBXBuildFile; fileRef = F7F809AD23A8754000E174A8 /* SearchHistoryWorkerProtocolSpy.swift */; };
/* End PBXBuildFile section */

/* Begin PBXContainerItemProxy section */
		F7F8099623A8714A00E174A8 /* PBXContainerItemProxy */ = {
			isa = PBXContainerItemProxy;
			containerPortal = F73EA23B23A1D7300094FE42 /* Project object */;
			proxyType = 1;
			remoteGlobalIDString = F73EA24223A1D7300094FE42;
			remoteInfo = BookSeeker;
		};
/* End PBXContainerItemProxy section */

/* Begin PBXFileReference section */
		468732FD1A680DA9F67B9068 /* Pods_BookSeeker.framework */ = {isa = PBXFileReference; explicitFileType = wrapper.framework; includeInIndex = 0; path = Pods_BookSeeker.framework; sourceTree = BUILT_PRODUCTS_DIR; };
		890C4169A7DFF41D2EA4B6C0 /* Pods-BookSeeker.debug.xcconfig */ = {isa = PBXFileReference; includeInIndex = 1; lastKnownFileType = text.xcconfig; name = "Pods-BookSeeker.debug.xcconfig"; path = "Target Support Files/Pods-BookSeeker/Pods-BookSeeker.debug.xcconfig"; sourceTree = "<group>"; };
		F70E3F6623A877C7008982FD /* SearchWorkerProtocolStub.swift */ = {isa = PBXFileReference; lastKnownFileType = sourcecode.swift; path = SearchWorkerProtocolStub.swift; sourceTree = "<group>"; };
		F70E3F6823A87BB5008982FD /* PresentableError.swift */ = {isa = PBXFileReference; lastKnownFileType = sourcecode.swift; path = PresentableError.swift; sourceTree = "<group>"; };
		F73EA24323A1D7300094FE42 /* BookSeeker.app */ = {isa = PBXFileReference; explicitFileType = wrapper.application; includeInIndex = 0; path = BookSeeker.app; sourceTree = BUILT_PRODUCTS_DIR; };
		F73EA24623A1D7300094FE42 /* AppDelegate.swift */ = {isa = PBXFileReference; lastKnownFileType = sourcecode.swift; path = AppDelegate.swift; sourceTree = "<group>"; };
		F73EA24F23A1D7310094FE42 /* Assets.xcassets */ = {isa = PBXFileReference; lastKnownFileType = folder.assetcatalog; path = Assets.xcassets; sourceTree = "<group>"; };
		F73EA25223A1D7310094FE42 /* Base */ = {isa = PBXFileReference; lastKnownFileType = file.storyboard; name = Base; path = Base.lproj/LaunchScreen.storyboard; sourceTree = "<group>"; };
		F73EA25423A1D7310094FE42 /* Info.plist */ = {isa = PBXFileReference; lastKnownFileType = text.plist.xml; path = Info.plist; sourceTree = "<group>"; };
		F74B9DCC23A312B400023FB9 /* SearchView.swift */ = {isa = PBXFileReference; fileEncoding = 4; lastKnownFileType = sourcecode.swift; path = SearchView.swift; sourceTree = "<group>"; };
		F74B9DCD23A312B400023FB9 /* SearchViewController.swift */ = {isa = PBXFileReference; fileEncoding = 4; lastKnownFileType = sourcecode.swift; path = SearchViewController.swift; sourceTree = "<group>"; };
		F74B9DCE23A312B400023FB9 /* SearchPresenter.swift */ = {isa = PBXFileReference; fileEncoding = 4; lastKnownFileType = sourcecode.swift; path = SearchPresenter.swift; sourceTree = "<group>"; };
		F74B9DCF23A312B400023FB9 /* SearchModels.swift */ = {isa = PBXFileReference; fileEncoding = 4; lastKnownFileType = sourcecode.swift; path = SearchModels.swift; sourceTree = "<group>"; };
		F74B9DD623A315D100023FB9 /* CodeView.swift */ = {isa = PBXFileReference; lastKnownFileType = sourcecode.swift; path = CodeView.swift; sourceTree = "<group>"; };
		F74B9DD823A317C000023FB9 /* SearchInteractor.swift */ = {isa = PBXFileReference; lastKnownFileType = sourcecode.swift; path = SearchInteractor.swift; sourceTree = "<group>"; };
		F74B9DDA23A3180E00023FB9 /* SearchConfigurator.swift */ = {isa = PBXFileReference; lastKnownFileType = sourcecode.swift; path = SearchConfigurator.swift; sourceTree = "<group>"; };
		F758161423A99BC3006D1ECA /* BookDetailsView.swift */ = {isa = PBXFileReference; lastKnownFileType = sourcecode.swift; path = BookDetailsView.swift; sourceTree = "<group>"; };
		F758161723A99C19006D1ECA /* BookDetailsViewController.swift */ = {isa = PBXFileReference; lastKnownFileType = sourcecode.swift; path = BookDetailsViewController.swift; sourceTree = "<group>"; };
		F758161923A99C36006D1ECA /* BookDetailsModels.swift */ = {isa = PBXFileReference; lastKnownFileType = sourcecode.swift; path = BookDetailsModels.swift; sourceTree = "<group>"; };
		F758161B23A9A0E1006D1ECA /* BookDetailsConfigurator.swift */ = {isa = PBXFileReference; lastKnownFileType = sourcecode.swift; path = BookDetailsConfigurator.swift; sourceTree = "<group>"; };
		F758161D23A9A17D006D1ECA /* SearchRouter.swift */ = {isa = PBXFileReference; lastKnownFileType = sourcecode.swift; path = SearchRouter.swift; sourceTree = "<group>"; };
		F758162023A9A98C006D1ECA /* SearchPresenterTests.swift */ = {isa = PBXFileReference; lastKnownFileType = sourcecode.swift; path = SearchPresenterTests.swift; sourceTree = "<group>"; };
		F758162223A9A99F006D1ECA /* SearchDisplayLogicSpy.swift */ = {isa = PBXFileReference; lastKnownFileType = sourcecode.swift; path = SearchDisplayLogicSpy.swift; sourceTree = "<group>"; };
		F758162423A9ACCA006D1ECA /* SearchViewControllerTests.swift */ = {isa = PBXFileReference; lastKnownFileType = sourcecode.swift; path = SearchViewControllerTests.swift; sourceTree = "<group>"; };
		F758162623A9AD07006D1ECA /* SearchRoutingLogicDummy.swift */ = {isa = PBXFileReference; lastKnownFileType = sourcecode.swift; path = SearchRoutingLogicDummy.swift; sourceTree = "<group>"; };
		F758162823A9AD36006D1ECA /* SearchRoutingLogicSpy.swift */ = {isa = PBXFileReference; lastKnownFileType = sourcecode.swift; path = SearchRoutingLogicSpy.swift; sourceTree = "<group>"; };
		F758162A23A9ADA6006D1ECA /* SearchInputLogicDummy.swift */ = {isa = PBXFileReference; lastKnownFileType = sourcecode.swift; path = SearchInputLogicDummy.swift; sourceTree = "<group>"; };
		F758162C23A9ADDD006D1ECA /* SearchInputLogicSpy.swift */ = {isa = PBXFileReference; lastKnownFileType = sourcecode.swift; path = SearchInputLogicSpy.swift; sourceTree = "<group>"; };
		F758162E23A9AE49006D1ECA /* SearchBusinessLogicDummy.swift */ = {isa = PBXFileReference; lastKnownFileType = sourcecode.swift; path = SearchBusinessLogicDummy.swift; sourceTree = "<group>"; };
		F758163023A9AE6D006D1ECA /* SearchBusinessLogicSpy.swift */ = {isa = PBXFileReference; lastKnownFileType = sourcecode.swift; path = SearchBusinessLogicSpy.swift; sourceTree = "<group>"; };
		F758163223A9B338006D1ECA /* UserDefaultsDataStoreProtocolSpy.swift */ = {isa = PBXFileReference; lastKnownFileType = sourcecode.swift; path = UserDefaultsDataStoreProtocolSpy.swift; sourceTree = "<group>"; };
		F758163423A9B40F006D1ECA /* SearchHistoryWorkerTests.swift */ = {isa = PBXFileReference; lastKnownFileType = sourcecode.swift; path = SearchHistoryWorkerTests.swift; sourceTree = "<group>"; };
		F783F5DF23A596C5009E3D1E /* NetworkRequest.swift */ = {isa = PBXFileReference; lastKnownFileType = sourcecode.swift; path = NetworkRequest.swift; sourceTree = "<group>"; };
		F79273F223A5988F003CF2AE /* Network.swift */ = {isa = PBXFileReference; lastKnownFileType = sourcecode.swift; path = Network.swift; sourceTree = "<group>"; };
		F79273F423A5A20E003CF2AE /* NetworkError.swift */ = {isa = PBXFileReference; lastKnownFileType = sourcecode.swift; path = NetworkError.swift; sourceTree = "<group>"; };
		F79273F723A5A260003CF2AE /* BookSearchRequest.swift */ = {isa = PBXFileReference; lastKnownFileType = sourcecode.swift; path = BookSearchRequest.swift; sourceTree = "<group>"; };
		F79273FA23A5A504003CF2AE /* SearchBookResponse.swift */ = {isa = PBXFileReference; lastKnownFileType = sourcecode.swift; path = SearchBookResponse.swift; sourceTree = "<group>"; };
		F79273FC23A5A543003CF2AE /* Book.swift */ = {isa = PBXFileReference; lastKnownFileType = sourcecode.swift; path = Book.swift; sourceTree = "<group>"; };
		F79273FF23A6B8FF003CF2AE /* BookTableViewCell.swift */ = {isa = PBXFileReference; lastKnownFileType = sourcecode.swift; path = BookTableViewCell.swift; sourceTree = "<group>"; };
		F792740123A6BAEA003CF2AE /* Displayable.swift */ = {isa = PBXFileReference; lastKnownFileType = sourcecode.swift; path = Displayable.swift; sourceTree = "<group>"; };
		F797A1A223A31F50005CF1B6 /* Margin.swift */ = {isa = PBXFileReference; lastKnownFileType = sourcecode.swift; path = Margin.swift; sourceTree = "<group>"; };
		F797A1A423A3216F005CF1B6 /* CustomNavigationController.swift */ = {isa = PBXFileReference; lastKnownFileType = sourcecode.swift; path = CustomNavigationController.swift; sourceTree = "<group>"; };
		F7F8097423A8566A00E174A8 /* SearchHistoryWorker.swift */ = {isa = PBXFileReference; lastKnownFileType = sourcecode.swift; path = SearchHistoryWorker.swift; sourceTree = "<group>"; };
		F7F8097A23A8592400E174A8 /* UserDefaultsDataStore.swift */ = {isa = PBXFileReference; lastKnownFileType = sourcecode.swift; path = UserDefaultsDataStore.swift; sourceTree = "<group>"; };
		F7F8097C23A85A8B00E174A8 /* UserDefaultsProvider.swift */ = {isa = PBXFileReference; lastKnownFileType = sourcecode.swift; path = UserDefaultsProvider.swift; sourceTree = "<group>"; };
		F7F8097F23A85EB600E174A8 /* Localizable.strings */ = {isa = PBXFileReference; lastKnownFileType = text.plist.strings; path = Localizable.strings; sourceTree = "<group>"; };
		F7F8098323A860A400E174A8 /* assets-images.swift */ = {isa = PBXFileReference; fileEncoding = 4; lastKnownFileType = sourcecode.swift; path = "assets-images.swift"; sourceTree = "<group>"; };
		F7F8098423A860A400E174A8 /* strings.swift */ = {isa = PBXFileReference; fileEncoding = 4; lastKnownFileType = sourcecode.swift; path = strings.swift; sourceTree = "<group>"; };
		F7F8098923A864AF00E174A8 /* HistoryTermTableViewCell.swift */ = {isa = PBXFileReference; lastKnownFileType = sourcecode.swift; path = HistoryTermTableViewCell.swift; sourceTree = "<group>"; };
		F7F8099123A8714A00E174A8 /* BookSeekerTests.xctest */ = {isa = PBXFileReference; explicitFileType = wrapper.cfbundle; includeInIndex = 0; path = BookSeekerTests.xctest; sourceTree = BUILT_PRODUCTS_DIR; };
		F7F8099323A8714A00E174A8 /* SearchInteractorTests.swift */ = {isa = PBXFileReference; lastKnownFileType = sourcecode.swift; path = SearchInteractorTests.swift; sourceTree = "<group>"; };
		F7F8099523A8714A00E174A8 /* Info.plist */ = {isa = PBXFileReference; lastKnownFileType = text.plist.xml; path = Info.plist; sourceTree = "<group>"; };
		F7F8099D23A8718E00E174A8 /* SearchWorker.swift */ = {isa = PBXFileReference; lastKnownFileType = sourcecode.swift; path = SearchWorker.swift; sourceTree = "<group>"; };
		F7F809A123A873A700E174A8 /* SearchPresentationLogicSpy.swift */ = {isa = PBXFileReference; lastKnownFileType = sourcecode.swift; path = SearchPresentationLogicSpy.swift; sourceTree = "<group>"; };
		F7F809A323A8743C00E174A8 /* SearchPresentationLogicDummy.swift */ = {isa = PBXFileReference; lastKnownFileType = sourcecode.swift; path = SearchPresentationLogicDummy.swift; sourceTree = "<group>"; };
		F7F809A523A8746300E174A8 /* NetworkProtocolDummy.swift */ = {isa = PBXFileReference; lastKnownFileType = sourcecode.swift; path = NetworkProtocolDummy.swift; sourceTree = "<group>"; };
		F7F809A723A874AF00E174A8 /* SearchWorkerProtocolDummy.swift */ = {isa = PBXFileReference; lastKnownFileType = sourcecode.swift; path = SearchWorkerProtocolDummy.swift; sourceTree = "<group>"; };
		F7F809A923A874DC00E174A8 /* SearchWorkerProtocolSpy.swift */ = {isa = PBXFileReference; lastKnownFileType = sourcecode.swift; path = SearchWorkerProtocolSpy.swift; sourceTree = "<group>"; };
		F7F809AB23A8751D00E174A8 /* SearchHistoryWorkerProtocolDummy.swift */ = {isa = PBXFileReference; lastKnownFileType = sourcecode.swift; path = SearchHistoryWorkerProtocolDummy.swift; sourceTree = "<group>"; };
		F7F809AD23A8754000E174A8 /* SearchHistoryWorkerProtocolSpy.swift */ = {isa = PBXFileReference; lastKnownFileType = sourcecode.swift; path = SearchHistoryWorkerProtocolSpy.swift; sourceTree = "<group>"; };
		FBF07D7A15466057AF6B75F9 /* Pods-BookSeeker.release.xcconfig */ = {isa = PBXFileReference; includeInIndex = 1; lastKnownFileType = text.xcconfig; name = "Pods-BookSeeker.release.xcconfig"; path = "Target Support Files/Pods-BookSeeker/Pods-BookSeeker.release.xcconfig"; sourceTree = "<group>"; };
/* End PBXFileReference section */

/* Begin PBXFrameworksBuildPhase section */
		F73EA24023A1D7300094FE42 /* Frameworks */ = {
			isa = PBXFrameworksBuildPhase;
			buildActionMask = 2147483647;
			files = (
				E139DA3E9B07C758629FBE39 /* Pods_BookSeeker.framework in Frameworks */,
			);
			runOnlyForDeploymentPostprocessing = 0;
		};
		F7F8098E23A8714A00E174A8 /* Frameworks */ = {
			isa = PBXFrameworksBuildPhase;
			buildActionMask = 2147483647;
			files = (
			);
			runOnlyForDeploymentPostprocessing = 0;
		};
/* End PBXFrameworksBuildPhase section */

/* Begin PBXGroup section */
		A5DC310AFABC301FD84A8038 /* Pods */ = {
			isa = PBXGroup;
			children = (
				890C4169A7DFF41D2EA4B6C0 /* Pods-BookSeeker.debug.xcconfig */,
				FBF07D7A15466057AF6B75F9 /* Pods-BookSeeker.release.xcconfig */,
			);
			path = Pods;
			sourceTree = "<group>";
		};
		D14EB7D3AEB83D0E3C81C67C /* Frameworks */ = {
			isa = PBXGroup;
			children = (
				468732FD1A680DA9F67B9068 /* Pods_BookSeeker.framework */,
			);
			name = Frameworks;
			sourceTree = "<group>";
		};
		F70E3F6523A877AE008982FD /* Stubs */ = {
			isa = PBXGroup;
			children = (
				F70E3F6623A877C7008982FD /* SearchWorkerProtocolStub.swift */,
			);
			path = Stubs;
			sourceTree = "<group>";
		};
		F73EA23A23A1D7300094FE42 = {
			isa = PBXGroup;
			children = (
				F73EA24523A1D7300094FE42 /* BookSeeker */,
				F7F8099223A8714A00E174A8 /* BookSeekerTests */,
				F73EA24423A1D7300094FE42 /* Products */,
				A5DC310AFABC301FD84A8038 /* Pods */,
				D14EB7D3AEB83D0E3C81C67C /* Frameworks */,
			);
			sourceTree = "<group>";
		};
		F73EA24423A1D7300094FE42 /* Products */ = {
			isa = PBXGroup;
			children = (
				F73EA24323A1D7300094FE42 /* BookSeeker.app */,
				F7F8099123A8714A00E174A8 /* BookSeekerTests.xctest */,
			);
			name = Products;
			sourceTree = "<group>";
		};
		F73EA24523A1D7300094FE42 /* BookSeeker */ = {
			isa = PBXGroup;
			children = (
				F7F8097E23A85E8F00E174A8 /* Utils */,
				F7F8097623A856B500E174A8 /* Persistency */,
				F783F5DE23A596B5009E3D1E /* Network */,
				F797A1A123A31F42005CF1B6 /* UI */,
				F74B9DD523A315BE00023FB9 /* Protocols */,
				F758161623A99BC8006D1ECA /* BookDetails */,
				F74B9DCB23A3129700023FB9 /* Search */,
				F73EA24F23A1D7310094FE42 /* Assets.xcassets */,
				F73EA25423A1D7310094FE42 /* Info.plist */,
				F73EA25123A1D7310094FE42 /* LaunchScreen.storyboard */,
			);
			path = BookSeeker;
			sourceTree = "<group>";
		};
		F74B9DCB23A3129700023FB9 /* Search */ = {
			isa = PBXGroup;
			children = (
				F7F8099C23A8717C00E174A8 /* Workers */,
				F79273FE23A6B8E7003CF2AE /* View */,
				F74B9DCF23A312B400023FB9 /* SearchModels.swift */,
				F74B9DCE23A312B400023FB9 /* SearchPresenter.swift */,
				F74B9DCD23A312B400023FB9 /* SearchViewController.swift */,
				F74B9DD823A317C000023FB9 /* SearchInteractor.swift */,
				F74B9DDA23A3180E00023FB9 /* SearchConfigurator.swift */,
				F758161D23A9A17D006D1ECA /* SearchRouter.swift */,
			);
			path = Search;
			sourceTree = "<group>";
		};
		F74B9DD523A315BE00023FB9 /* Protocols */ = {
			isa = PBXGroup;
			children = (
				F74B9DD623A315D100023FB9 /* CodeView.swift */,
				F792740123A6BAEA003CF2AE /* Displayable.swift */,
				F70E3F6823A87BB5008982FD /* PresentableError.swift */,
			);
			path = Protocols;
			sourceTree = "<group>";
		};
		F758161623A99BC8006D1ECA /* BookDetails */ = {
			isa = PBXGroup;
			children = (
				F758161423A99BC3006D1ECA /* BookDetailsView.swift */,
				F758161723A99C19006D1ECA /* BookDetailsViewController.swift */,
				F758161923A99C36006D1ECA /* BookDetailsModels.swift */,
				F758161B23A9A0E1006D1ECA /* BookDetailsConfigurator.swift */,
			);
			path = BookDetails;
			sourceTree = "<group>";
		};
		F783F5DE23A596B5009E3D1E /* Network */ = {
			isa = PBXGroup;
			children = (
				F79273F923A5A4EB003CF2AE /* Entities */,
				F79273F623A5A221003CF2AE /* ItunesRequests */,
				F783F5DF23A596C5009E3D1E /* NetworkRequest.swift */,
				F79273F223A5988F003CF2AE /* Network.swift */,
				F79273F423A5A20E003CF2AE /* NetworkError.swift */,
			);
			path = Network;
			sourceTree = "<group>";
		};
		F79273F623A5A221003CF2AE /* ItunesRequests */ = {
			isa = PBXGroup;
			children = (
				F79273F723A5A260003CF2AE /* BookSearchRequest.swift */,
			);
			path = ItunesRequests;
			sourceTree = "<group>";
		};
		F79273F923A5A4EB003CF2AE /* Entities */ = {
			isa = PBXGroup;
			children = (
				F79273FA23A5A504003CF2AE /* SearchBookResponse.swift */,
				F79273FC23A5A543003CF2AE /* Book.swift */,
			);
			path = Entities;
			sourceTree = "<group>";
		};
		F79273FE23A6B8E7003CF2AE /* View */ = {
			isa = PBXGroup;
			children = (
				F74B9DCC23A312B400023FB9 /* SearchView.swift */,
				F79273FF23A6B8FF003CF2AE /* BookTableViewCell.swift */,
				F7F8098923A864AF00E174A8 /* HistoryTermTableViewCell.swift */,
			);
			path = View;
			sourceTree = "<group>";
		};
		F797A1A123A31F42005CF1B6 /* UI */ = {
			isa = PBXGroup;
			children = (
				F797A1A223A31F50005CF1B6 /* Margin.swift */,
				F797A1A423A3216F005CF1B6 /* CustomNavigationController.swift */,
			);
			path = UI;
			sourceTree = "<group>";
		};
		F7F8097623A856B500E174A8 /* Persistency */ = {
			isa = PBXGroup;
			children = (
				F7F8097A23A8592400E174A8 /* UserDefaultsDataStore.swift */,
				F7F8097C23A85A8B00E174A8 /* UserDefaultsProvider.swift */,
			);
			path = Persistency;
			sourceTree = "<group>";
		};
		F7F8097E23A85E8F00E174A8 /* Utils */ = {
			isa = PBXGroup;
			children = (
				F7F8098223A8602E00E174A8 /* Generated */,
				F73EA24623A1D7300094FE42 /* AppDelegate.swift */,
				F7F8097F23A85EB600E174A8 /* Localizable.strings */,
			);
			path = Utils;
			sourceTree = "<group>";
		};
		F7F8098223A8602E00E174A8 /* Generated */ = {
			isa = PBXGroup;
			children = (
				F7F8098323A860A400E174A8 /* assets-images.swift */,
				F7F8098423A860A400E174A8 /* strings.swift */,
			);
			path = Generated;
			sourceTree = "<group>";
		};
		F7F8099223A8714A00E174A8 /* BookSeekerTests */ = {
			isa = PBXGroup;
			children = (
				F70E3F6523A877AE008982FD /* Stubs */,
				F7F809A023A8739100E174A8 /* Spies */,
				F7F8099F23A8738A00E174A8 /* Dummies */,
				F7F8099B23A8715900E174A8 /* Search */,
				F7F8099523A8714A00E174A8 /* Info.plist */,
			);
			path = BookSeekerTests;
			sourceTree = "<group>";
		};
		F7F8099B23A8715900E174A8 /* Search */ = {
			isa = PBXGroup;
			children = (
				F7F8099323A8714A00E174A8 /* SearchInteractorTests.swift */,
				F758162023A9A98C006D1ECA /* SearchPresenterTests.swift */,
				F758162423A9ACCA006D1ECA /* SearchViewControllerTests.swift */,
				F758163423A9B40F006D1ECA /* SearchHistoryWorkerTests.swift */,
			);
			path = Search;
			sourceTree = "<group>";
		};
		F7F8099C23A8717C00E174A8 /* Workers */ = {
			isa = PBXGroup;
			children = (
				F7F8097423A8566A00E174A8 /* SearchHistoryWorker.swift */,
				F7F8099D23A8718E00E174A8 /* SearchWorker.swift */,
			);
			path = Workers;
			sourceTree = "<group>";
		};
		F7F8099F23A8738A00E174A8 /* Dummies */ = {
			isa = PBXGroup;
			children = (
				F7F809A323A8743C00E174A8 /* SearchPresentationLogicDummy.swift */,
				F7F809A523A8746300E174A8 /* NetworkProtocolDummy.swift */,
				F7F809A723A874AF00E174A8 /* SearchWorkerProtocolDummy.swift */,
				F7F809AB23A8751D00E174A8 /* SearchHistoryWorkerProtocolDummy.swift */,
				F758162623A9AD07006D1ECA /* SearchRoutingLogicDummy.swift */,
				F758162A23A9ADA6006D1ECA /* SearchInputLogicDummy.swift */,
				F758162E23A9AE49006D1ECA /* SearchBusinessLogicDummy.swift */,
			);
			path = Dummies;
			sourceTree = "<group>";
		};
		F7F809A023A8739100E174A8 /* Spies */ = {
			isa = PBXGroup;
			children = (
				F7F809A123A873A700E174A8 /* SearchPresentationLogicSpy.swift */,
				F7F809A923A874DC00E174A8 /* SearchWorkerProtocolSpy.swift */,
				F7F809AD23A8754000E174A8 /* SearchHistoryWorkerProtocolSpy.swift */,
				F758162223A9A99F006D1ECA /* SearchDisplayLogicSpy.swift */,
				F758162823A9AD36006D1ECA /* SearchRoutingLogicSpy.swift */,
				F758162C23A9ADDD006D1ECA /* SearchInputLogicSpy.swift */,
				F758163023A9AE6D006D1ECA /* SearchBusinessLogicSpy.swift */,
				F758163223A9B338006D1ECA /* UserDefaultsDataStoreProtocolSpy.swift */,
			);
			path = Spies;
			sourceTree = "<group>";
		};
/* End PBXGroup section */

/* Begin PBXNativeTarget section */
		F73EA24223A1D7300094FE42 /* BookSeeker */ = {
			isa = PBXNativeTarget;
			buildConfigurationList = F73EA25723A1D7310094FE42 /* Build configuration list for PBXNativeTarget "BookSeeker" */;
			buildPhases = (
				F7F8098123A8601500E174A8 /* SwiftGen */,
				711684FD8B1CDDCEDE3E7508 /* [CP] Check Pods Manifest.lock */,
				F73EA23F23A1D7300094FE42 /* Sources */,
				F73EA24023A1D7300094FE42 /* Frameworks */,
				F73EA24123A1D7300094FE42 /* Resources */,
				99287C346B1E2B97300661FD /* [CP] Embed Pods Frameworks */,
			);
			buildRules = (
			);
			dependencies = (
			);
			name = BookSeeker;
			productName = BookSeeker;
			productReference = F73EA24323A1D7300094FE42 /* BookSeeker.app */;
			productType = "com.apple.product-type.application";
		};
		F7F8099023A8714A00E174A8 /* BookSeekerTests */ = {
			isa = PBXNativeTarget;
			buildConfigurationList = F7F8099823A8714A00E174A8 /* Build configuration list for PBXNativeTarget "BookSeekerTests" */;
			buildPhases = (
				F7F8098D23A8714A00E174A8 /* Sources */,
				F7F8098E23A8714A00E174A8 /* Frameworks */,
				F7F8098F23A8714A00E174A8 /* Resources */,
			);
			buildRules = (
			);
			dependencies = (
				F7F8099723A8714A00E174A8 /* PBXTargetDependency */,
			);
			name = BookSeekerTests;
			productName = BookSeekerTests;
			productReference = F7F8099123A8714A00E174A8 /* BookSeekerTests.xctest */;
			productType = "com.apple.product-type.bundle.unit-test";
		};
/* End PBXNativeTarget section */

/* Begin PBXProject section */
		F73EA23B23A1D7300094FE42 /* Project object */ = {
			isa = PBXProject;
			attributes = {
				LastSwiftUpdateCheck = 1110;
				LastUpgradeCheck = 1110;
				ORGANIZATIONNAME = "Valmir Massoni";
				TargetAttributes = {
					F73EA24223A1D7300094FE42 = {
						CreatedOnToolsVersion = 11.1;
					};
					F7F8099023A8714A00E174A8 = {
						CreatedOnToolsVersion = 11.1;
						TestTargetID = F73EA24223A1D7300094FE42;
					};
				};
			};
			buildConfigurationList = F73EA23E23A1D7300094FE42 /* Build configuration list for PBXProject "BookSeeker" */;
			compatibilityVersion = "Xcode 9.3";
			developmentRegion = en;
			hasScannedForEncodings = 0;
			knownRegions = (
				en,
				Base,
			);
			mainGroup = F73EA23A23A1D7300094FE42;
			productRefGroup = F73EA24423A1D7300094FE42 /* Products */;
			projectDirPath = "";
			projectRoot = "";
			targets = (
				F73EA24223A1D7300094FE42 /* BookSeeker */,
				F7F8099023A8714A00E174A8 /* BookSeekerTests */,
			);
		};
/* End PBXProject section */

/* Begin PBXResourcesBuildPhase section */
		F73EA24123A1D7300094FE42 /* Resources */ = {
			isa = PBXResourcesBuildPhase;
			buildActionMask = 2147483647;
			files = (
				F73EA25323A1D7310094FE42 /* LaunchScreen.storyboard in Resources */,
				F7F8098023A85EB600E174A8 /* Localizable.strings in Resources */,
				F73EA25023A1D7310094FE42 /* Assets.xcassets in Resources */,
			);
			runOnlyForDeploymentPostprocessing = 0;
		};
		F7F8098F23A8714A00E174A8 /* Resources */ = {
			isa = PBXResourcesBuildPhase;
			buildActionMask = 2147483647;
			files = (
			);
			runOnlyForDeploymentPostprocessing = 0;
		};
/* End PBXResourcesBuildPhase section */

/* Begin PBXShellScriptBuildPhase section */
		711684FD8B1CDDCEDE3E7508 /* [CP] Check Pods Manifest.lock */ = {
			isa = PBXShellScriptBuildPhase;
			buildActionMask = 2147483647;
			files = (
			);
			inputFileListPaths = (
			);
			inputPaths = (
				"${PODS_PODFILE_DIR_PATH}/Podfile.lock",
				"${PODS_ROOT}/Manifest.lock",
			);
			name = "[CP] Check Pods Manifest.lock";
			outputFileListPaths = (
			);
			outputPaths = (
				"$(DERIVED_FILE_DIR)/Pods-BookSeeker-checkManifestLockResult.txt",
			);
			runOnlyForDeploymentPostprocessing = 0;
			shellPath = /bin/sh;
			shellScript = "diff \"${PODS_PODFILE_DIR_PATH}/Podfile.lock\" \"${PODS_ROOT}/Manifest.lock\" > /dev/null\nif [ $? != 0 ] ; then\n    # print error to STDERR\n    echo \"error: The sandbox is not in sync with the Podfile.lock. Run 'pod install' or update your CocoaPods installation.\" >&2\n    exit 1\nfi\n# This output is used by Xcode 'outputs' to avoid re-running this script phase.\necho \"SUCCESS\" > \"${SCRIPT_OUTPUT_FILE_0}\"\n";
			showEnvVarsInLog = 0;
		};
		99287C346B1E2B97300661FD /* [CP] Embed Pods Frameworks */ = {
			isa = PBXShellScriptBuildPhase;
			buildActionMask = 2147483647;
			files = (
			);
			inputFileListPaths = (
				"${PODS_ROOT}/Target Support Files/Pods-BookSeeker/Pods-BookSeeker-frameworks-${CONFIGURATION}-input-files.xcfilelist",
			);
			name = "[CP] Embed Pods Frameworks";
			outputFileListPaths = (
				"${PODS_ROOT}/Target Support Files/Pods-BookSeeker/Pods-BookSeeker-frameworks-${CONFIGURATION}-output-files.xcfilelist",
			);
			runOnlyForDeploymentPostprocessing = 0;
			shellPath = /bin/sh;
			shellScript = "\"${PODS_ROOT}/Target Support Files/Pods-BookSeeker/Pods-BookSeeker-frameworks.sh\"\n";
			showEnvVarsInLog = 0;
		};
		F7F8098123A8601500E174A8 /* SwiftGen */ = {
			isa = PBXShellScriptBuildPhase;
			buildActionMask = 2147483647;
			files = (
			);
			inputFileListPaths = (
			);
			inputPaths = (
			);
			name = SwiftGen;
			outputFileListPaths = (
			);
			outputPaths = (
			);
			runOnlyForDeploymentPostprocessing = 0;
			shellPath = /bin/sh;
			shellScript = "$PODS_ROOT/SwiftGen/bin/swiftgen\n";
		};
/* End PBXShellScriptBuildPhase section */

/* Begin PBXSourcesBuildPhase section */
		F73EA23F23A1D7300094FE42 /* Sources */ = {
			isa = PBXSourcesBuildPhase;
			buildActionMask = 2147483647;
			files = (
				F7F8097D23A85A8B00E174A8 /* UserDefaultsProvider.swift in Sources */,
				F7F8097B23A8592400E174A8 /* UserDefaultsDataStore.swift in Sources */,
				F7F8098623A860A400E174A8 /* strings.swift in Sources */,
				F7F8099E23A8718E00E174A8 /* SearchWorker.swift in Sources */,
				F7F8098A23A864AF00E174A8 /* HistoryTermTableViewCell.swift in Sources */,
				F79273F323A5988F003CF2AE /* Network.swift in Sources */,
				F79273F523A5A20E003CF2AE /* NetworkError.swift in Sources */,
				F758161C23A9A0E1006D1ECA /* BookDetailsConfigurator.swift in Sources */,
				F74B9DDB23A3180E00023FB9 /* SearchConfigurator.swift in Sources */,
				F79273FB23A5A504003CF2AE /* SearchBookResponse.swift in Sources */,
				F792740023A6B8FF003CF2AE /* BookTableViewCell.swift in Sources */,
				F783F5E023A596C5009E3D1E /* NetworkRequest.swift in Sources */,
				F7F8097523A8566A00E174A8 /* SearchHistoryWorker.swift in Sources */,
				F74B9DD323A312B400023FB9 /* SearchModels.swift in Sources */,
				F758161523A99BC3006D1ECA /* BookDetailsView.swift in Sources */,
				F797A1A323A31F50005CF1B6 /* Margin.swift in Sources */,
				F74B9DD123A312B400023FB9 /* SearchViewController.swift in Sources */,
				F758161E23A9A17D006D1ECA /* SearchRouter.swift in Sources */,
				F70E3F6923A87BB5008982FD /* PresentableError.swift in Sources */,
				F758161823A99C19006D1ECA /* BookDetailsViewController.swift in Sources */,
				F74B9DD023A312B400023FB9 /* SearchView.swift in Sources */,
				F74B9DD923A317C000023FB9 /* SearchInteractor.swift in Sources */,
				F7F8098523A860A400E174A8 /* assets-images.swift in Sources */,
				F797A1A523A3216F005CF1B6 /* CustomNavigationController.swift in Sources */,
				F74B9DD223A312B400023FB9 /* SearchPresenter.swift in Sources */,
				F73EA24723A1D7300094FE42 /* AppDelegate.swift in Sources */,
				F74B9DD723A315D100023FB9 /* CodeView.swift in Sources */,
				F792740223A6BAEA003CF2AE /* Displayable.swift in Sources */,
				F79273F823A5A260003CF2AE /* BookSearchRequest.swift in Sources */,
				F758161A23A99C36006D1ECA /* BookDetailsModels.swift in Sources */,
				F79273FD23A5A543003CF2AE /* Book.swift in Sources */,
			);
			runOnlyForDeploymentPostprocessing = 0;
		};
		F7F8098D23A8714A00E174A8 /* Sources */ = {
			isa = PBXSourcesBuildPhase;
			buildActionMask = 2147483647;
			files = (
				F7F809AA23A874DC00E174A8 /* SearchWorkerProtocolSpy.swift in Sources */,
				F70E3F6723A877C7008982FD /* SearchWorkerProtocolStub.swift in Sources */,
				F758162523A9ACCA006D1ECA /* SearchViewControllerTests.swift in Sources */,
				F758162323A9A99F006D1ECA /* SearchDisplayLogicSpy.swift in Sources */,
				F758162D23A9ADDD006D1ECA /* SearchInputLogicSpy.swift in Sources */,
				F7F809A223A873A700E174A8 /* SearchPresentationLogicSpy.swift in Sources */,
				F7F809A823A874AF00E174A8 /* SearchWorkerProtocolDummy.swift in Sources */,
				F7F809A623A8746300E174A8 /* NetworkProtocolDummy.swift in Sources */,
				F7F8099423A8714A00E174A8 /* SearchInteractorTests.swift in Sources */,
				F758163123A9AE6D006D1ECA /* SearchBusinessLogicSpy.swift in Sources */,
				F758162123A9A98C006D1ECA /* SearchPresenterTests.swift in Sources */,
				F758163323A9B338006D1ECA /* UserDefaultsDataStoreProtocolSpy.swift in Sources */,
				F7F809AC23A8751D00E174A8 /* SearchHistoryWorkerProtocolDummy.swift in Sources */,
				F7F809A423A8743C00E174A8 /* SearchPresentationLogicDummy.swift in Sources */,
				F7F809AE23A8754000E174A8 /* SearchHistoryWorkerProtocolSpy.swift in Sources */,
				F758162F23A9AE49006D1ECA /* SearchBusinessLogicDummy.swift in Sources */,
				F758162B23A9ADA6006D1ECA /* SearchInputLogicDummy.swift in Sources */,
				F758162923A9AD36006D1ECA /* SearchRoutingLogicSpy.swift in Sources */,
				F758163523A9B40F006D1ECA /* SearchHistoryWorkerTests.swift in Sources */,
				F758162723A9AD07006D1ECA /* SearchRoutingLogicDummy.swift in Sources */,
			);
			runOnlyForDeploymentPostprocessing = 0;
		};
/* End PBXSourcesBuildPhase section */

/* Begin PBXTargetDependency section */
		F7F8099723A8714A00E174A8 /* PBXTargetDependency */ = {
			isa = PBXTargetDependency;
			target = F73EA24223A1D7300094FE42 /* BookSeeker */;
			targetProxy = F7F8099623A8714A00E174A8 /* PBXContainerItemProxy */;
		};
/* End PBXTargetDependency section */

/* Begin PBXVariantGroup section */
		F73EA25123A1D7310094FE42 /* LaunchScreen.storyboard */ = {
			isa = PBXVariantGroup;
			children = (
				F73EA25223A1D7310094FE42 /* Base */,
			);
			name = LaunchScreen.storyboard;
			sourceTree = "<group>";
		};
/* End PBXVariantGroup section */

/* Begin XCBuildConfiguration section */
		F73EA25523A1D7310094FE42 /* Debug */ = {
			isa = XCBuildConfiguration;
			buildSettings = {
				ALWAYS_SEARCH_USER_PATHS = NO;
				CLANG_ANALYZER_NONNULL = YES;
				CLANG_ANALYZER_NUMBER_OBJECT_CONVERSION = YES_AGGRESSIVE;
				CLANG_CXX_LANGUAGE_STANDARD = "gnu++14";
				CLANG_CXX_LIBRARY = "libc++";
				CLANG_ENABLE_MODULES = YES;
				CLANG_ENABLE_OBJC_ARC = YES;
				CLANG_ENABLE_OBJC_WEAK = YES;
				CLANG_WARN_BLOCK_CAPTURE_AUTORELEASING = YES;
				CLANG_WARN_BOOL_CONVERSION = YES;
				CLANG_WARN_COMMA = YES;
				CLANG_WARN_CONSTANT_CONVERSION = YES;
				CLANG_WARN_DEPRECATED_OBJC_IMPLEMENTATIONS = YES;
				CLANG_WARN_DIRECT_OBJC_ISA_USAGE = YES_ERROR;
				CLANG_WARN_DOCUMENTATION_COMMENTS = YES;
				CLANG_WARN_EMPTY_BODY = YES;
				CLANG_WARN_ENUM_CONVERSION = YES;
				CLANG_WARN_INFINITE_RECURSION = YES;
				CLANG_WARN_INT_CONVERSION = YES;
				CLANG_WARN_NON_LITERAL_NULL_CONVERSION = YES;
				CLANG_WARN_OBJC_IMPLICIT_RETAIN_SELF = YES;
				CLANG_WARN_OBJC_LITERAL_CONVERSION = YES;
				CLANG_WARN_OBJC_ROOT_CLASS = YES_ERROR;
				CLANG_WARN_RANGE_LOOP_ANALYSIS = YES;
				CLANG_WARN_STRICT_PROTOTYPES = YES;
				CLANG_WARN_SUSPICIOUS_MOVE = YES;
				CLANG_WARN_UNGUARDED_AVAILABILITY = YES_AGGRESSIVE;
				CLANG_WARN_UNREACHABLE_CODE = YES;
				CLANG_WARN__DUPLICATE_METHOD_MATCH = YES;
				COPY_PHASE_STRIP = NO;
				DEBUG_INFORMATION_FORMAT = dwarf;
				ENABLE_STRICT_OBJC_MSGSEND = YES;
				ENABLE_TESTABILITY = YES;
				GCC_C_LANGUAGE_STANDARD = gnu11;
				GCC_DYNAMIC_NO_PIC = NO;
				GCC_NO_COMMON_BLOCKS = YES;
				GCC_OPTIMIZATION_LEVEL = 0;
				GCC_PREPROCESSOR_DEFINITIONS = (
					"DEBUG=1",
					"$(inherited)",
				);
				GCC_WARN_64_TO_32_BIT_CONVERSION = YES;
				GCC_WARN_ABOUT_RETURN_TYPE = YES_ERROR;
				GCC_WARN_UNDECLARED_SELECTOR = YES;
				GCC_WARN_UNINITIALIZED_AUTOS = YES_AGGRESSIVE;
				GCC_WARN_UNUSED_FUNCTION = YES;
				GCC_WARN_UNUSED_VARIABLE = YES;
				IPHONEOS_DEPLOYMENT_TARGET = 11.0;
				MTL_ENABLE_DEBUG_INFO = INCLUDE_SOURCE;
				MTL_FAST_MATH = YES;
				ONLY_ACTIVE_ARCH = YES;
				SDKROOT = iphoneos;
				SWIFT_ACTIVE_COMPILATION_CONDITIONS = DEBUG;
				SWIFT_OPTIMIZATION_LEVEL = "-Onone";
			};
			name = Debug;
		};
		F73EA25623A1D7310094FE42 /* Release */ = {
			isa = XCBuildConfiguration;
			buildSettings = {
				ALWAYS_SEARCH_USER_PATHS = NO;
				CLANG_ANALYZER_NONNULL = YES;
				CLANG_ANALYZER_NUMBER_OBJECT_CONVERSION = YES_AGGRESSIVE;
				CLANG_CXX_LANGUAGE_STANDARD = "gnu++14";
				CLANG_CXX_LIBRARY = "libc++";
				CLANG_ENABLE_MODULES = YES;
				CLANG_ENABLE_OBJC_ARC = YES;
				CLANG_ENABLE_OBJC_WEAK = YES;
				CLANG_WARN_BLOCK_CAPTURE_AUTORELEASING = YES;
				CLANG_WARN_BOOL_CONVERSION = YES;
				CLANG_WARN_COMMA = YES;
				CLANG_WARN_CONSTANT_CONVERSION = YES;
				CLANG_WARN_DEPRECATED_OBJC_IMPLEMENTATIONS = YES;
				CLANG_WARN_DIRECT_OBJC_ISA_USAGE = YES_ERROR;
				CLANG_WARN_DOCUMENTATION_COMMENTS = YES;
				CLANG_WARN_EMPTY_BODY = YES;
				CLANG_WARN_ENUM_CONVERSION = YES;
				CLANG_WARN_INFINITE_RECURSION = YES;
				CLANG_WARN_INT_CONVERSION = YES;
				CLANG_WARN_NON_LITERAL_NULL_CONVERSION = YES;
				CLANG_WARN_OBJC_IMPLICIT_RETAIN_SELF = YES;
				CLANG_WARN_OBJC_LITERAL_CONVERSION = YES;
				CLANG_WARN_OBJC_ROOT_CLASS = YES_ERROR;
				CLANG_WARN_RANGE_LOOP_ANALYSIS = YES;
				CLANG_WARN_STRICT_PROTOTYPES = YES;
				CLANG_WARN_SUSPICIOUS_MOVE = YES;
				CLANG_WARN_UNGUARDED_AVAILABILITY = YES_AGGRESSIVE;
				CLANG_WARN_UNREACHABLE_CODE = YES;
				CLANG_WARN__DUPLICATE_METHOD_MATCH = YES;
				COPY_PHASE_STRIP = NO;
				DEBUG_INFORMATION_FORMAT = "dwarf-with-dsym";
				ENABLE_NS_ASSERTIONS = NO;
				ENABLE_STRICT_OBJC_MSGSEND = YES;
				GCC_C_LANGUAGE_STANDARD = gnu11;
				GCC_NO_COMMON_BLOCKS = YES;
				GCC_WARN_64_TO_32_BIT_CONVERSION = YES;
				GCC_WARN_ABOUT_RETURN_TYPE = YES_ERROR;
				GCC_WARN_UNDECLARED_SELECTOR = YES;
				GCC_WARN_UNINITIALIZED_AUTOS = YES_AGGRESSIVE;
				GCC_WARN_UNUSED_FUNCTION = YES;
				GCC_WARN_UNUSED_VARIABLE = YES;
				IPHONEOS_DEPLOYMENT_TARGET = 11.0;
				MTL_ENABLE_DEBUG_INFO = NO;
				MTL_FAST_MATH = YES;
				SDKROOT = iphoneos;
				SWIFT_COMPILATION_MODE = wholemodule;
				SWIFT_OPTIMIZATION_LEVEL = "-O";
				VALIDATE_PRODUCT = YES;
			};
			name = Release;
		};
		F73EA25823A1D7310094FE42 /* Debug */ = {
			isa = XCBuildConfiguration;
			baseConfigurationReference = 890C4169A7DFF41D2EA4B6C0 /* Pods-BookSeeker.debug.xcconfig */;
			buildSettings = {
				ASSETCATALOG_COMPILER_APPICON_NAME = AppIcon;
				CODE_SIGN_STYLE = Automatic;
				DEVELOPMENT_TEAM = 49APBG9N23;
				INFOPLIST_FILE = BookSeeker/Info.plist;
				LD_RUNPATH_SEARCH_PATHS = (
					"$(inherited)",
					"@executable_path/Frameworks",
				);
				PRODUCT_BUNDLE_IDENTIFIER = com.vrjunior.BookSeeker;
				PRODUCT_NAME = "$(TARGET_NAME)";
				SWIFT_VERSION = 5.0;
				TARGETED_DEVICE_FAMILY = "1,2";
			};
			name = Debug;
		};
		F73EA25923A1D7310094FE42 /* Release */ = {
			isa = XCBuildConfiguration;
			baseConfigurationReference = FBF07D7A15466057AF6B75F9 /* Pods-BookSeeker.release.xcconfig */;
			buildSettings = {
				ASSETCATALOG_COMPILER_APPICON_NAME = AppIcon;
				CODE_SIGN_STYLE = Automatic;
				DEVELOPMENT_TEAM = 49APBG9N23;
				INFOPLIST_FILE = BookSeeker/Info.plist;
				LD_RUNPATH_SEARCH_PATHS = (
					"$(inherited)",
					"@executable_path/Frameworks",
				);
				PRODUCT_BUNDLE_IDENTIFIER = com.vrjunior.BookSeeker;
				PRODUCT_NAME = "$(TARGET_NAME)";
				SWIFT_VERSION = 5.0;
				TARGETED_DEVICE_FAMILY = "1,2";
			};
			name = Release;
		};
		F7F8099923A8714A00E174A8 /* Debug */ = {
			isa = XCBuildConfiguration;
			buildSettings = {
				BUNDLE_LOADER = "$(TEST_HOST)";
				CODE_SIGN_STYLE = Automatic;
				DEVELOPMENT_TEAM = 49APBG9N23;
				INFOPLIST_FILE = BookSeekerTests/Info.plist;
				IPHONEOS_DEPLOYMENT_TARGET = 13.1;
				LD_RUNPATH_SEARCH_PATHS = (
					"$(inherited)",
					"@executable_path/Frameworks",
					"@loader_path/Frameworks",
				);
				PRODUCT_BUNDLE_IDENTIFIER = com.vrjunior.BookSeekerTests;
				PRODUCT_NAME = "$(TARGET_NAME)";
				SWIFT_VERSION = 5.0;
				TARGETED_DEVICE_FAMILY = "1,2";
				TEST_HOST = "$(BUILT_PRODUCTS_DIR)/BookSeeker.app/BookSeeker";
			};
			name = Debug;
		};
		F7F8099A23A8714A00E174A8 /* Release */ = {
			isa = XCBuildConfiguration;
			buildSettings = {
				BUNDLE_LOADER = "$(TEST_HOST)";
				CODE_SIGN_STYLE = Automatic;
				DEVELOPMENT_TEAM = 49APBG9N23;
				INFOPLIST_FILE = BookSeekerTests/Info.plist;
				IPHONEOS_DEPLOYMENT_TARGET = 13.1;
				LD_RUNPATH_SEARCH_PATHS = (
					"$(inherited)",
					"@executable_path/Frameworks",
					"@loader_path/Frameworks",
				);
				PRODUCT_BUNDLE_IDENTIFIER = com.vrjunior.BookSeekerTests;
				PRODUCT_NAME = "$(TARGET_NAME)";
				SWIFT_VERSION = 5.0;
				TARGETED_DEVICE_FAMILY = "1,2";
				TEST_HOST = "$(BUILT_PRODUCTS_DIR)/BookSeeker.app/BookSeeker";
			};
			name = Release;
		};
/* End XCBuildConfiguration section */

/* Begin XCConfigurationList section */
		F73EA23E23A1D7300094FE42 /* Build configuration list for PBXProject "BookSeeker" */ = {
			isa = XCConfigurationList;
			buildConfigurations = (
				F73EA25523A1D7310094FE42 /* Debug */,
				F73EA25623A1D7310094FE42 /* Release */,
			);
			defaultConfigurationIsVisible = 0;
			defaultConfigurationName = Release;
		};
		F73EA25723A1D7310094FE42 /* Build configuration list for PBXNativeTarget "BookSeeker" */ = {
			isa = XCConfigurationList;
			buildConfigurations = (
				F73EA25823A1D7310094FE42 /* Debug */,
				F73EA25923A1D7310094FE42 /* Release */,
			);
			defaultConfigurationIsVisible = 0;
			defaultConfigurationName = Release;
		};
		F7F8099823A8714A00E174A8 /* Build configuration list for PBXNativeTarget "BookSeekerTests" */ = {
			isa = XCConfigurationList;
			buildConfigurations = (
				F7F8099923A8714A00E174A8 /* Debug */,
				F7F8099A23A8714A00E174A8 /* Release */,
			);
			defaultConfigurationIsVisible = 0;
			defaultConfigurationName = Release;
		};
/* End XCConfigurationList section */
	};
	rootObject = F73EA23B23A1D7300094FE42 /* Project object */;
}
